
Microsoft Visual Studio Solution File, Format Version 12.00
# Visual Studio Version 17
VisualStudioVersion = 17.10.34928.147
MinimumVisualStudioVersion = 10.0.40219.1
Project("{FAE04EC0-301F-11D3-BF4B-00C04F79EFBC}") = "MotLePlusFréquent", "MotLePlusFréquent\MotLePlusFréquent.csproj", "{E4D4098B-578B-4B2C-9ABF-0A2B3506B513}"
EndProject
Global
	GlobalSection(SolutionConfigurationPlatforms) = preSolution
		Debug|Any CPU = Debug|Any CPU
		Release|Any CPU = Release|Any CPU
	EndGlobalSection
	GlobalSection(ProjectConfigurationPlatforms) = postSolution
		{E4D4098B-578B-4B2C-9ABF-0A2B3506B513}.Debug|Any CPU.ActiveCfg = Debug|Any CPU
		{E4D4098B-578B-4B2C-9ABF-0A2B3506B513}.Debug|Any CPU.Build.0 = Debug|Any CPU
		{E4D4098B-578B-4B2C-9ABF-0A2B3506B513}.Release|Any CPU.ActiveCfg = Release|Any CPU
		{E4D4098B-578B-4B2C-9ABF-0A2B3506B513}.Release|Any CPU.Build.0 = Release|Any CPU
	EndGlobalSection
	GlobalSection(SolutionProperties) = preSolution
		HideSolutionNode = FALSE
	EndGlobalSection
	GlobalSection(ExtensibilityGlobals) = postSolution
		SolutionGuid = {6519BA47-F184-4196-A941-24D32E1A6232}
	EndGlobalSection
EndGlobal
